// !$*UTF8*$!
{
	archiveVersion = 1;
	classes = {
	};
	objectVersion = 46;
	objects = {

/* Begin PBXBuildFile section */
		B31ACD3B1E1683FF00D2BACE /* main.c in Sources */ = {isa = PBXBuildFile; fileRef = B31ACD3A1E1683FF00D2BACE /* main.c */; };
		B390FFD21E2BD74A00B4C86F /* rubik_cube.c in Sources */ = {isa = PBXBuildFile; fileRef = B390FFCE1E2BD74A00B4C86F /* rubik_cube.c */; };
		B390FFD31E2BD74A00B4C86F /* user_io.c in Sources */ = {isa = PBXBuildFile; fileRef = B390FFD01E2BD74A00B4C86F /* user_io.c */; };
/* End PBXBuildFile section */

/* Begin PBXCopyFilesBuildPhase section */
		B31ACD351E1683FF00D2BACE /* CopyFiles */ = {
			isa = PBXCopyFilesBuildPhase;
			buildActionMask = 2147483647;
			dstPath = /usr/share/man/man1/;
			dstSubfolderSpec = 0;
			files = (
			);
			runOnlyForDeploymentPostprocessing = 1;
		};
/* End PBXCopyFilesBuildPhase section */

/* Begin PBXFileReference section */
		B31ACD371E1683FF00D2BACE /* rubiks_cube */ = {isa = PBXFileReference; explicitFileType = "compiled.mach-o.executable"; includeInIndex = 0; path = rubiks_cube; sourceTree = BUILT_PRODUCTS_DIR; };
		B31ACD3A1E1683FF00D2BACE /* main.c */ = {isa = PBXFileReference; lastKnownFileType = sourcecode.c.c; path = main.c; sourceTree = "<group>"; };
		B390FFCE1E2BD74A00B4C86F /* rubik_cube.c */ = {isa = PBXFileReference; fileEncoding = 4; lastKnownFileType = sourcecode.c.c; path = rubik_cube.c; sourceTree = "<group>"; };
		B390FFCF1E2BD74A00B4C86F /* rubik_cube.h */ = {isa = PBXFileReference; fileEncoding = 4; lastKnownFileType = sourcecode.c.h; path = rubik_cube.h; sourceTree = "<group>"; };
		B390FFD01E2BD74A00B4C86F /* user_io.c */ = {isa = PBXFileReference; fileEncoding = 4; lastKnownFileType = sourcecode.c.c; path = user_io.c; sourceTree = "<group>"; };
		B390FFD11E2BD74A00B4C86F /* user_io.h */ = {isa = PBXFileReference; fileEncoding = 4; lastKnownFileType = sourcecode.c.h; path = user_io.h; sourceTree = "<group>"; };
/* End PBXFileReference section */

/* Begin PBXFrameworksBuildPhase section */
		B31ACD341E1683FF00D2BACE /* Frameworks */ = {
			isa = PBXFrameworksBuildPhase;
			buildActionMask = 2147483647;
			files = (
			);
			runOnlyForDeploymentPostprocessing = 0;
		};
/* End PBXFrameworksBuildPhase section */

/* Begin PBXGroup section */
		B31ACD2E1E1683FF00D2BACE = {
			isa = PBXGroup;
			children = (
				B31ACD391E1683FF00D2BACE /* rubiks_cube */,
				B31ACD381E1683FF00D2BACE /* Products */,
			);
			sourceTree = "<group>";
		};
		B31ACD381E1683FF00D2BACE /* Products */ = {
			isa = PBXGroup;
			children = (
				B31ACD371E1683FF00D2BACE /* rubiks_cube */,
			);
			name = Products;
			sourceTree = "<group>";
		};
		B31ACD391E1683FF00D2BACE /* rubiks_cube */ = {
			isa = PBXGroup;
			children = (
				B390FFD51E2BD75E00B4C86F /* Headers */,
				B390FFD41E2BD75300B4C86F /* Source */,
			);
			path = rubiks_cube;
			sourceTree = "<group>";
		};
		B390FFD41E2BD75300B4C86F /* Source */ = {
			isa = PBXGroup;
			children = (
				B31ACD3A1E1683FF00D2BACE /* main.c */,
				B390FFCE1E2BD74A00B4C86F /* rubik_cube.c */,
				B390FFD01E2BD74A00B4C86F /* user_io.c */,
			);
			name = Source;
			sourceTree = "<group>";
		};
		B390FFD51E2BD75E00B4C86F /* Headers */ = {
			isa = PBXGroup;
			children = (
				B390FFCF1E2BD74A00B4C86F /* rubik_cube.h */,
				B390FFD11E2BD74A00B4C86F /* user_io.h */,
			);
			name = Headers;
			sourceTree = "<group>";
		};
/* End PBXGroup section */

/* Begin PBXNativeTarget section */
		B31ACD361E1683FF00D2BACE /* rubiks_cube */ = {
			isa = PBXNativeTarget;
			buildConfigurationList = B31ACD3E1E1683FF00D2BACE /* Build configuration list for PBXNativeTarget "rubiks_cube" */;
			buildPhases = (
				B31ACD331E1683FF00D2BACE /* Sources */,
				B31ACD341E1683FF00D2BACE /* Frameworks */,
				B31ACD351E1683FF00D2BACE /* CopyFiles */,
			);
			buildRules = (
			);
			dependencies = (
			);
			name = rubiks_cube;
			productName = rubiks_cube;
			productReference = B31ACD371E1683FF00D2BACE /* rubiks_cube */;
			productType = "com.apple.product-type.tool";
		};
/* End PBXNativeTarget section */

/* Begin PBXProject section */
		B31ACD2F1E1683FF00D2BACE /* Project object */ = {
			isa = PBXProject;
			attributes = {
				LastUpgradeCheck = 0730;
				ORGANIZATIONNAME = "Rodrigo Fontes";
				TargetAttributes = {
					B31ACD361E1683FF00D2BACE = {
						CreatedOnToolsVersion = 7.3.1;
					};
				};
			};
			buildConfigurationList = B31ACD321E1683FF00D2BACE /* Build configuration list for PBXProject "rubiks_cube" */;
			compatibilityVersion = "Xcode 3.2";
			developmentRegion = English;
			hasScannedForEncodings = 0;
			knownRegions = (
				en,
			);
			mainGroup = B31ACD2E1E1683FF00D2BACE;
			productRefGroup = B31ACD381E1683FF00D2BACE /* Products */;
			projectDirPath = "";
			projectRoot = "";
			targets = (
				B31ACD361E1683FF00D2BACE /* rubiks_cube */,
			);
		};
/* End PBXProject section */

/* Begin PBXSourcesBuildPhase section */
		B31ACD331E1683FF00D2BACE /* Sources */ = {
			isa = PBXSourcesBuildPhase;
			buildActionMask = 2147483647;
			files = (
				B390FFD31E2BD74A00B4C86F /* user_io.c in Sources */,
				B390FFD21E2BD74A00B4C86F /* rubik_cube.c in Sources */,
				B31ACD3B1E1683FF00D2BACE /* main.c in Sources */,
			);
			runOnlyForDeploymentPostprocessing = 0;
		};
/* End PBXSourcesBuildPhase section */

/* Begin XCBuildConfiguration section */
		B31ACD3C1E1683FF00D2BACE /* Debug */ = {
			isa = XCBuildConfiguration;
			buildSettings = {
				ALWAYS_SEARCH_USER_PATHS = NO;
				CLANG_ANALYZER_NONNULL = YES;
				CLANG_CXX_LANGUAGE_STANDARD = "gnu++0x";
				CLANG_CXX_LIBRARY = "libc++";
				CLANG_ENABLE_MODULES = YES;
				CLANG_ENABLE_OBJC_ARC = YES;
				CLANG_WARN_BOOL_CONVERSION = YES;
				CLANG_WARN_CONSTANT_CONVERSION = YES;
				CLANG_WARN_DIRECT_OBJC_ISA_USAGE = YES_ERROR;
				CLANG_WARN_EMPTY_BODY = YES;
				CLANG_WARN_ENUM_CONVERSION = YES;
				CLANG_WARN_INT_CONVERSION = YES;
				CLANG_WARN_OBJC_ROOT_CLASS = YES_ERROR;
				CLANG_WARN_UNREACHABLE_CODE = YES;
				CLANG_WARN__DUPLICATE_METHOD_MATCH = YES;
				CODE_SIGN_IDENTITY = "-";
				COPY_PHASE_STRIP = NO;
				DEBUG_INFORMATION_FORMAT = dwarf;
				ENABLE_STRICT_OBJC_MSGSEND = YES;
				ENABLE_TESTABILITY = YES;
				GCC_C_LANGUAGE_STANDARD = gnu99;
				GCC_DYNAMIC_NO_PIC = NO;
				GCC_NO_COMMON_BLOCKS = YES;
				GCC_OPTIMIZATION_LEVEL = 0;
				GCC_PREPROCESSOR_DEFINITIONS = (
					"DEBUG=1",
					"$(inherited)",
				);
				GCC_WARN_64_TO_32_BIT_CONVERSION = YES;
				GCC_WARN_ABOUT_RETURN_TYPE = YES_ERROR;
				GCC_WARN_UNDECLARED_SELECTOR = YES;
				GCC_WARN_UNINITIALIZED_AUTOS = YES_AGGRESSIVE;
				GCC_WARN_UNUSED_FUNCTION = YES;
				GCC_WARN_UNUSED_VARIABLE = YES;
				MACOSX_DEPLOYMENT_TARGET = 10.12;
				MTL_ENABLE_DEBUG_INFO = YES;
				ONLY_ACTIVE_ARCH = YES;
				SDKROOT = macosx;
			};
			name = Debug;
		};
		B31ACD3D1E1683FF00D2BACE /* Release */ = {
			isa = XCBuildConfiguration;
			buildSettings = {
				ALWAYS_SEARCH_USER_PATHS = NO;
				CLANG_ANALYZER_NONNULL = YES;
				CLANG_CXX_LANGUAGE_STANDARD = "gnu++0x";
				CLANG_CXX_LIBRARY = "libc++";
				CLANG_ENABLE_MODULES = YES;
				CLANG_ENABLE_OBJC_ARC = YES;
				CLANG_WARN_BOOL_CONVERSION = YES;
				CLANG_WARN_CONSTANT_CONVERSION = YES;
				CLANG_WARN_DIRECT_OBJC_ISA_USAGE = YES_ERROR;
				CLANG_WARN_EMPTY_BODY = YES;
				CLANG_WARN_ENUM_CONVERSION = YES;
				CLANG_WARN_INT_CONVERSION = YES;
				CLANG_WARN_OBJC_ROOT_CLASS = YES_ERROR;
				CLANG_WARN_UNREACHABLE_CODE = YES;
				CLANG_WARN__DUPLICATE_METHOD_MATCH = YES;
				CODE_SIGN_IDENTITY = "-";
				COPY_PHASE_STRIP = NO;
				DEBUG_INFORMATION_FORMAT = "dwarf-with-dsym";
				ENABLE_NS_ASSERTIONS = NO;
				ENABLE_STRICT_OBJC_MSGSEND = YES;
				GCC_C_LANGUAGE_STANDARD = gnu99;
				GCC_NO_COMMON_BLOCKS = YES;
				GCC_WARN_64_TO_32_BIT_CONVERSION = YES;
				GCC_WARN_ABOUT_RETURN_TYPE = YES_ERROR;
				GCC_WARN_UNDECLARED_SELECTOR = YES;
				GCC_WARN_UNINITIALIZED_AUTOS = YES_AGGRESSIVE;
				GCC_WARN_UNUSED_FUNCTION = YES;
				GCC_WARN_UNUSED_VARIABLE = YES;
				MACOSX_DEPLOYMENT_TARGET = 10.12;
				MTL_ENABLE_DEBUG_INFO = NO;
				SDKROOT = macosx;
			};
			name = Release;
		};
		B31ACD3F1E1683FF00D2BACE /* Debug */ = {
			isa = XCBuildConfiguration;
			buildSettings = {
				ARCHS = "$(ARCHS_STANDARD)";
				MACOSX_DEPLOYMENT_TARGET = 10.11;
				PRODUCT_NAME = "$(TARGET_NAME)";
			};
			name = Debug;
		};
		B31ACD401E1683FF00D2BACE /* Release */ = {
			isa = XCBuildConfiguration;
			buildSettings = {
				ARCHS = "$(ARCHS_STANDARD)";
				MACOSX_DEPLOYMENT_TARGET = 10.11;
				PRODUCT_NAME = "$(TARGET_NAME)";
			};
			name = Release;
		};
/* End XCBuildConfiguration section */

/* Begin XCConfigurationList section */
		B31ACD321E1683FF00D2BACE /* Build configuration list for PBXProject "rubiks_cube" */ = {
			isa = XCConfigurationList;
			buildConfigurations = (
				B31ACD3C1E1683FF00D2BACE /* Debug */,
				B31ACD3D1E1683FF00D2BACE /* Release */,
			);
			defaultConfigurationIsVisible = 0;
			defaultConfigurationName = Release;
		};
		B31ACD3E1E1683FF00D2BACE /* Build configuration list for PBXNativeTarget "rubiks_cube" */ = {
			isa = XCConfigurationList;
			buildConfigurations = (
				B31ACD3F1E1683FF00D2BACE /* Debug */,
				B31ACD401E1683FF00D2BACE /* Release */,
			);
			defaultConfigurationIsVisible = 0;
			defaultConfigurationName = Release;
		};
/* End XCConfigurationList section */
	};
	rootObject = B31ACD2F1E1683FF00D2BACE /* Project object */;
}
